
Microsoft Visual Studio Solution File, Format Version 12.00
# Visual Studio Version 17
VisualStudioVersion = 17.10.34825.169
MinimumVisualStudioVersion = 10.0.40219.1
Project("{9A19103F-16F7-4668-BE54-9A1E7A4F7556}") = "FlowMatic", "FlowMatic\FlowMatic.csproj", "{21F1A803-9F4D-47BD-B60F-053C78B687E0}"
EndProject
Project("{2150E333-8FDC-42A3-9474-1A3956D46DE8}") = "Solution Items", "Solution Items", "{FF55FEA8-0DFE-425F-BA55-FA4BE9B5B25A}"
	ProjectSection(SolutionItems) = preProject
		README.md = README.md
		.github\workflows\deployment.yml = .github\workflows\deployment.yml
	EndProjectSection
EndProject
Project("{FAE04EC0-301F-11D3-BF4B-00C04F79EFBC}") = "FlowMatic.Tests", "FlowMatic.Tests\FlowMatic.Tests.csproj", "{CCD72D34-48D2-4B10-90E8-1D093AB3A939}"
EndProject
Global
	GlobalSection(SolutionConfigurationPlatforms) = preSolution
		Debug|Any CPU = Debug|Any CPU
		Release|Any CPU = Release|Any CPU
	EndGlobalSection
	GlobalSection(ProjectConfigurationPlatforms) = postSolution
		{21F1A803-9F4D-47BD-B60F-053C78B687E0}.Debug|Any CPU.ActiveCfg = Debug|Any CPU
		{21F1A803-9F4D-47BD-B60F-053C78B687E0}.Debug|Any CPU.Build.0 = Debug|Any CPU
		{21F1A803-9F4D-47BD-B60F-053C78B687E0}.Release|Any CPU.ActiveCfg = Release|Any CPU
		{21F1A803-9F4D-47BD-B60F-053C78B687E0}.Release|Any CPU.Build.0 = Release|Any CPU
		{CCD72D34-48D2-4B10-90E8-1D093AB3A939}.Debug|Any CPU.ActiveCfg = Debug|Any CPU
		{CCD72D34-48D2-4B10-90E8-1D093AB3A939}.Debug|Any CPU.Build.0 = Debug|Any CPU
		{CCD72D34-48D2-4B10-90E8-1D093AB3A939}.Release|Any CPU.ActiveCfg = Release|Any CPU
		{CCD72D34-48D2-4B10-90E8-1D093AB3A939}.Release|Any CPU.Build.0 = Release|Any CPU
	EndGlobalSection
	GlobalSection(SolutionProperties) = preSolution
		HideSolutionNode = FALSE
	EndGlobalSection
	GlobalSection(ExtensibilityGlobals) = postSolution
		SolutionGuid = {29DC089E-BD0E-42B9-8B6D-E06DC90BC47C}
	EndGlobalSection
EndGlobal
